
Microsoft Visual Studio Solution File, Format Version 12.00
# Visual Studio 15
VisualStudioVersion = 15.0.28307.757
MinimumVisualStudioVersion = 10.0.40219.1
Project("{FAE04EC0-301F-11D3-BF4B-00C04F79EFBC}") = "HackTheU2019_Console", "HackTheU2019_Console\HackTheU2019_Console.csproj", "{885634D0-248E-4704-AA36-6848E1F95E69}"
EndProject
Project("{FAE04EC0-301F-11D3-BF4B-00C04F79EFBC}") = "HackTheU2019_Lib", "HackTheU2019_Lib\HackTheU2019_Lib.csproj", "{1A040756-5929-49DC-8BA8-BA6216A5966C}"
EndProject
Global
	GlobalSection(SolutionConfigurationPlatforms) = preSolution
		Debug|Any CPU = Debug|Any CPU
		Release|Any CPU = Release|Any CPU
	EndGlobalSection
	GlobalSection(ProjectConfigurationPlatforms) = postSolution
		{885634D0-248E-4704-AA36-6848E1F95E69}.Debug|Any CPU.ActiveCfg = Debug|Any CPU
		{885634D0-248E-4704-AA36-6848E1F95E69}.Debug|Any CPU.Build.0 = Debug|Any CPU
		{885634D0-248E-4704-AA36-6848E1F95E69}.Release|Any CPU.ActiveCfg = Release|Any CPU
		{885634D0-248E-4704-AA36-6848E1F95E69}.Release|Any CPU.Build.0 = Release|Any CPU
		{1A040756-5929-49DC-8BA8-BA6216A5966C}.Debug|Any CPU.ActiveCfg = Debug|Any CPU
		{1A040756-5929-49DC-8BA8-BA6216A5966C}.Debug|Any CPU.Build.0 = Debug|Any CPU
		{1A040756-5929-49DC-8BA8-BA6216A5966C}.Release|Any CPU.ActiveCfg = Release|Any CPU
		{1A040756-5929-49DC-8BA8-BA6216A5966C}.Release|Any CPU.Build.0 = Release|Any CPU
	EndGlobalSection
	GlobalSection(SolutionProperties) = preSolution
		HideSolutionNode = FALSE
	EndGlobalSection
	GlobalSection(ExtensibilityGlobals) = postSolution
		SolutionGuid = {918DDB69-9EDC-4219-8F15-5DCB26FB4EA4}
	EndGlobalSection
EndGlobal
